
Microsoft Visual Studio Solution File, Format Version 12.00
# Visual Studio Version 16
VisualStudioVersion = 16.0.30907.101
MinimumVisualStudioVersion = 10.0.40219.1
Project("{FAE04EC0-301F-11D3-BF4B-00C04F79EFBC}") = "HangFire", "HangFire\HangFire.csproj", "{DBB64643-5A5E-4807-B406-173983489B8F}"
EndProject
Global
	GlobalSection(SolutionConfigurationPlatforms) = preSolution
		Debug|Any CPU = Debug|Any CPU
		Release|Any CPU = Release|Any CPU
	EndGlobalSection
	GlobalSection(ProjectConfigurationPlatforms) = postSolution
		{DBB64643-5A5E-4807-B406-173983489B8F}.Debug|Any CPU.ActiveCfg = Debug|Any CPU
		{DBB64643-5A5E-4807-B406-173983489B8F}.Debug|Any CPU.Build.0 = Debug|Any CPU
		{DBB64643-5A5E-4807-B406-173983489B8F}.Release|Any CPU.ActiveCfg = Release|Any CPU
		{DBB64643-5A5E-4807-B406-173983489B8F}.Release|Any CPU.Build.0 = Release|Any CPU
	EndGlobalSection
	GlobalSection(SolutionProperties) = preSolution
		HideSolutionNode = FALSE
	EndGlobalSection
	GlobalSection(ExtensibilityGlobals) = postSolution
		SolutionGuid = {FD361933-00FC-42B8-833C-45DA7025F0E6}
	EndGlobalSection
EndGlobal
